
Microsoft Visual Studio Solution File, Format Version 12.00
# Visual Studio 15
VisualStudioVersion = 15.0.27130.2020
MinimumVisualStudioVersion = 10.0.40219.1
Project("{8BC9CEB8-8B4A-11D0-8D11-00A0C91BC942}") = "CIEPKI", "CSP\CSP.vcxproj", "{4ED5BF6B-CF39-4390-A6E4-0647D4C5B584}"
EndProject
Project("{8BC9CEB8-8B4A-11D0-8D11-00A0C91BC942}") = "CacheLib", "CacheLib\CacheLib.vcxproj", "{0C7A5F08-DD6F-4A12-9C62-0E78394A3064}"
EndProject
Project("{8BC9CEB8-8B4A-11D0-8D11-00A0C91BC942}") = "EsempioPKCS11", "EsempioPKCS11\EsempioPKCS11.vcxproj", "{47261501-10EF-4F42-9E33-262B66AC89D2}"
EndProject
Project("{FAE04EC0-301F-11D3-BF4B-00C04F79EFBC}") = "EsempioCSP", "EsempioCSP\EsempioCSP.csproj", "{F303468D-7F29-4FA5-B97F-DED88DD9698A}"
EndProject
Project("{8BC9CEB8-8B4A-11D0-8D11-00A0C91BC942}") = "EsempioPCSC", "EsempioPCSC\EsempioPCSC.vcxproj", "{F5D95DAC-08FF-48ED-B39A-8E8DC2BACF19}"
EndProject
Project("{8BC9CEB8-8B4A-11D0-8D11-00A0C91BC942}") = "Setup", "Setup\setup.vcxproj", "{14F35A6D-25AA-455E-A02D-E25398E0D244}"
	ProjectSection(ProjectDependencies) = postProject
		{1CD3C34D-1F6E-474E-9C54-A76B1A6C0FC3} = {1CD3C34D-1F6E-474E-9C54-A76B1A6C0FC3}
		{4ED5BF6B-CF39-4390-A6E4-0647D4C5B584} = {4ED5BF6B-CF39-4390-A6E4-0647D4C5B584}
	EndProjectSection
EndProject
Project("{8BC9CEB8-8B4A-11D0-8D11-00A0C91BC942}") = "TestCIE", "TestCIE\TestCIE.vcxproj", "{C77134FA-CB45-4216-9D69-292DE365ADB0}"
EndProject
Project("{FAE04EC0-301F-11D3-BF4B-00C04F79EFBC}") = "CIEID", "CIEID\CIEID.csproj", "{1CD3C34D-1F6E-474E-9C54-A76B1A6C0FC3}"
EndProject
Global
	GlobalSection(SolutionConfigurationPlatforms) = preSolution
		Debug|Any CPU = Debug|Any CPU
		Debug|Win32 = Debug|Win32
		Debug|x64 = Debug|x64
		Release|Any CPU = Release|Any CPU
		Release|Win32 = Release|Win32
		Release|x64 = Release|x64
	EndGlobalSection
	GlobalSection(ProjectConfigurationPlatforms) = postSolution
		{4ED5BF6B-CF39-4390-A6E4-0647D4C5B584}.Debug|Any CPU.ActiveCfg = Debug|Win32
		{4ED5BF6B-CF39-4390-A6E4-0647D4C5B584}.Debug|Win32.ActiveCfg = Debug|Win32
		{4ED5BF6B-CF39-4390-A6E4-0647D4C5B584}.Debug|Win32.Build.0 = Debug|Win32
		{4ED5BF6B-CF39-4390-A6E4-0647D4C5B584}.Debug|x64.ActiveCfg = Debug|x64
		{4ED5BF6B-CF39-4390-A6E4-0647D4C5B584}.Debug|x64.Build.0 = Debug|x64
		{4ED5BF6B-CF39-4390-A6E4-0647D4C5B584}.Release|Any CPU.ActiveCfg = Release|Win32
		{4ED5BF6B-CF39-4390-A6E4-0647D4C5B584}.Release|Win32.ActiveCfg = Release|Win32
		{4ED5BF6B-CF39-4390-A6E4-0647D4C5B584}.Release|Win32.Build.0 = Release|Win32
		{4ED5BF6B-CF39-4390-A6E4-0647D4C5B584}.Release|x64.ActiveCfg = Release|x64
		{4ED5BF6B-CF39-4390-A6E4-0647D4C5B584}.Release|x64.Build.0 = Release|x64
		{0C7A5F08-DD6F-4A12-9C62-0E78394A3064}.Debug|Any CPU.ActiveCfg = Debug|Win32
		{0C7A5F08-DD6F-4A12-9C62-0E78394A3064}.Debug|Win32.ActiveCfg = Debug|Win32
		{0C7A5F08-DD6F-4A12-9C62-0E78394A3064}.Debug|Win32.Build.0 = Debug|Win32
		{0C7A5F08-DD6F-4A12-9C62-0E78394A3064}.Debug|x64.ActiveCfg = Debug|x64
		{0C7A5F08-DD6F-4A12-9C62-0E78394A3064}.Debug|x64.Build.0 = Debug|x64
		{0C7A5F08-DD6F-4A12-9C62-0E78394A3064}.Release|Any CPU.ActiveCfg = Release|Win32
		{0C7A5F08-DD6F-4A12-9C62-0E78394A3064}.Release|Win32.ActiveCfg = Release|Win32
		{0C7A5F08-DD6F-4A12-9C62-0E78394A3064}.Release|Win32.Build.0 = Release|Win32
		{0C7A5F08-DD6F-4A12-9C62-0E78394A3064}.Release|x64.ActiveCfg = Release|x64
		{0C7A5F08-DD6F-4A12-9C62-0E78394A3064}.Release|x64.Build.0 = Release|x64
		{47261501-10EF-4F42-9E33-262B66AC89D2}.Debug|Any CPU.ActiveCfg = Debug|Win32
		{47261501-10EF-4F42-9E33-262B66AC89D2}.Debug|Win32.ActiveCfg = Debug|Win32
		{47261501-10EF-4F42-9E33-262B66AC89D2}.Debug|Win32.Build.0 = Debug|Win32
		{47261501-10EF-4F42-9E33-262B66AC89D2}.Debug|x64.ActiveCfg = Debug|x64
		{47261501-10EF-4F42-9E33-262B66AC89D2}.Debug|x64.Build.0 = Debug|x64
		{47261501-10EF-4F42-9E33-262B66AC89D2}.Release|Any CPU.ActiveCfg = Release|Win32
		{47261501-10EF-4F42-9E33-262B66AC89D2}.Release|Win32.ActiveCfg = Release|Win32
		{47261501-10EF-4F42-9E33-262B66AC89D2}.Release|Win32.Build.0 = Release|Win32
		{47261501-10EF-4F42-9E33-262B66AC89D2}.Release|x64.ActiveCfg = Release|x64
		{47261501-10EF-4F42-9E33-262B66AC89D2}.Release|x64.Build.0 = Release|x64
		{F303468D-7F29-4FA5-B97F-DED88DD9698A}.Debug|Any CPU.ActiveCfg = Debug|Any CPU
		{F303468D-7F29-4FA5-B97F-DED88DD9698A}.Debug|Any CPU.Build.0 = Debug|Any CPU
		{F303468D-7F29-4FA5-B97F-DED88DD9698A}.Debug|Win32.ActiveCfg = Debug|Any CPU
		{F303468D-7F29-4FA5-B97F-DED88DD9698A}.Debug|Win32.Build.0 = Debug|Any CPU
		{F303468D-7F29-4FA5-B97F-DED88DD9698A}.Debug|x64.ActiveCfg = Debug|Any CPU
		{F303468D-7F29-4FA5-B97F-DED88DD9698A}.Debug|x64.Build.0 = Debug|Any CPU
		{F303468D-7F29-4FA5-B97F-DED88DD9698A}.Release|Any CPU.ActiveCfg = Release|Any CPU
		{F303468D-7F29-4FA5-B97F-DED88DD9698A}.Release|Any CPU.Build.0 = Release|Any CPU
		{F303468D-7F29-4FA5-B97F-DED88DD9698A}.Release|Win32.ActiveCfg = Release|Any CPU
		{F303468D-7F29-4FA5-B97F-DED88DD9698A}.Release|Win32.Build.0 = Release|Any CPU
		{F303468D-7F29-4FA5-B97F-DED88DD9698A}.Release|x64.ActiveCfg = Release|Any CPU
		{F303468D-7F29-4FA5-B97F-DED88DD9698A}.Release|x64.Build.0 = Release|Any CPU
		{F5D95DAC-08FF-48ED-B39A-8E8DC2BACF19}.Debug|Any CPU.ActiveCfg = Debug|Win32
		{F5D95DAC-08FF-48ED-B39A-8E8DC2BACF19}.Debug|Win32.ActiveCfg = Debug|Win32
		{F5D95DAC-08FF-48ED-B39A-8E8DC2BACF19}.Debug|Win32.Build.0 = Debug|Win32
		{F5D95DAC-08FF-48ED-B39A-8E8DC2BACF19}.Debug|x64.ActiveCfg = Debug|x64
		{F5D95DAC-08FF-48ED-B39A-8E8DC2BACF19}.Debug|x64.Build.0 = Debug|x64
		{F5D95DAC-08FF-48ED-B39A-8E8DC2BACF19}.Release|Any CPU.ActiveCfg = Release|Win32
		{F5D95DAC-08FF-48ED-B39A-8E8DC2BACF19}.Release|Win32.ActiveCfg = Release|Win32
		{F5D95DAC-08FF-48ED-B39A-8E8DC2BACF19}.Release|Win32.Build.0 = Release|Win32
		{F5D95DAC-08FF-48ED-B39A-8E8DC2BACF19}.Release|x64.ActiveCfg = Release|x64
		{F5D95DAC-08FF-48ED-B39A-8E8DC2BACF19}.Release|x64.Build.0 = Release|x64
		{14F35A6D-25AA-455E-A02D-E25398E0D244}.Debug|Any CPU.ActiveCfg = Debug|Win32
		{14F35A6D-25AA-455E-A02D-E25398E0D244}.Debug|Win32.ActiveCfg = Debug|Win32
		{14F35A6D-25AA-455E-A02D-E25398E0D244}.Debug|x64.ActiveCfg = Debug|x64
		{14F35A6D-25AA-455E-A02D-E25398E0D244}.Release|Any CPU.ActiveCfg = Release|Win32
		{14F35A6D-25AA-455E-A02D-E25398E0D244}.Release|Win32.ActiveCfg = Release|Win32
		{14F35A6D-25AA-455E-A02D-E25398E0D244}.Release|x64.ActiveCfg = Release|x64
		{C77134FA-CB45-4216-9D69-292DE365ADB0}.Debug|Any CPU.ActiveCfg = Debug|Win32
		{C77134FA-CB45-4216-9D69-292DE365ADB0}.Debug|Win32.ActiveCfg = Debug|Win32
		{C77134FA-CB45-4216-9D69-292DE365ADB0}.Debug|Win32.Build.0 = Debug|Win32
		{C77134FA-CB45-4216-9D69-292DE365ADB0}.Debug|x64.ActiveCfg = Debug|x64
		{C77134FA-CB45-4216-9D69-292DE365ADB0}.Debug|x64.Build.0 = Debug|x64
		{C77134FA-CB45-4216-9D69-292DE365ADB0}.Release|Any CPU.ActiveCfg = Release|Win32
		{C77134FA-CB45-4216-9D69-292DE365ADB0}.Release|Win32.ActiveCfg = Release|Win32
		{C77134FA-CB45-4216-9D69-292DE365ADB0}.Release|Win32.Build.0 = Release|Win32
		{C77134FA-CB45-4216-9D69-292DE365ADB0}.Release|x64.ActiveCfg = Release|x64
		{C77134FA-CB45-4216-9D69-292DE365ADB0}.Release|x64.Build.0 = Release|x64
		{1CD3C34D-1F6E-474E-9C54-A76B1A6C0FC3}.Debug|Any CPU.ActiveCfg = Debug|Any CPU
		{1CD3C34D-1F6E-474E-9C54-A76B1A6C0FC3}.Debug|Any CPU.Build.0 = Debug|Any CPU
		{1CD3C34D-1F6E-474E-9C54-A76B1A6C0FC3}.Debug|Win32.ActiveCfg = Debug|Any CPU
		{1CD3C34D-1F6E-474E-9C54-A76B1A6C0FC3}.Debug|Win32.Build.0 = Debug|Any CPU
		{1CD3C34D-1F6E-474E-9C54-A76B1A6C0FC3}.Debug|x64.ActiveCfg = Debug|Any CPU
		{1CD3C34D-1F6E-474E-9C54-A76B1A6C0FC3}.Debug|x64.Build.0 = Debug|Any CPU
		{1CD3C34D-1F6E-474E-9C54-A76B1A6C0FC3}.Release|Any CPU.ActiveCfg = Release|Any CPU
		{1CD3C34D-1F6E-474E-9C54-A76B1A6C0FC3}.Release|Any CPU.Build.0 = Release|Any CPU
		{1CD3C34D-1F6E-474E-9C54-A76B1A6C0FC3}.Release|Win32.ActiveCfg = Release|Any CPU
		{1CD3C34D-1F6E-474E-9C54-A76B1A6C0FC3}.Release|Win32.Build.0 = Release|Any CPU
		{1CD3C34D-1F6E-474E-9C54-A76B1A6C0FC3}.Release|x64.ActiveCfg = Release|Any CPU
		{1CD3C34D-1F6E-474E-9C54-A76B1A6C0FC3}.Release|x64.Build.0 = Release|Any CPU
	EndGlobalSection
	GlobalSection(SolutionProperties) = preSolution
		HideSolutionNode = FALSE
	EndGlobalSection
	GlobalSection(ExtensibilityGlobals) = postSolution
		SolutionGuid = {0BC66C7B-F6AD-4580-8DD0-52125CCFF5B9}
	EndGlobalSection
EndGlobal
